// !$*UTF8*$!
{
	archiveVersion = 1;
	classes = {
	};
	objectVersion = 51;
	objects = {

/* Begin PBXBuildFile section */
		402C943825427CE100409124 /* ExpInfo.swift in Sources */ = {isa = PBXBuildFile; fileRef = 402C943725427CE100409124 /* ExpInfo.swift */; };
		4035C70425519F3F005B59B9 /* MainHomePageView.swift in Sources */ = {isa = PBXBuildFile; fileRef = 4035C70325519F3F005B59B9 /* MainHomePageView.swift */; };
		4035C7092551A04E005B59B9 /* MainHomepageContentView.swift in Sources */ = {isa = PBXBuildFile; fileRef = 4035C7082551A04E005B59B9 /* MainHomepageContentView.swift */; };
		403976B925529322007D0A35 /* HomepageHeaderView.swift in Sources */ = {isa = PBXBuildFile; fileRef = 403976B825529322007D0A35 /* HomepageHeaderView.swift */; };
		403F7A3725528EFB006642C7 /* StoreMainPage.swift in Sources */ = {isa = PBXBuildFile; fileRef = 403F7A3625528EFB006642C7 /* StoreMainPage.swift */; };
		408690F624E634C300465EB8 /* ScoreView.swift in Sources */ = {isa = PBXBuildFile; fileRef = 408690F524E634C300465EB8 /* ScoreView.swift */; };
		4091D17C2554AA8F006E0A06 /* AccountPageView.swift in Sources */ = {isa = PBXBuildFile; fileRef = 4091D17B2554AA8F006E0A06 /* AccountPageView.swift */; };
		4091D18B2554BA13006E0A06 /* FunctionBarView.swift in Sources */ = {isa = PBXBuildFile; fileRef = 4091D18A2554BA13006E0A06 /* FunctionBarView.swift */; };
		4092D840255299E700C68C73 /* SubtitleComponent.swift in Sources */ = {isa = PBXBuildFile; fileRef = 4092D83F255299E700C68C73 /* SubtitleComponent.swift */; };
		40A1FBCC2554D3AD00DDB69F /* LikedPageView.swift in Sources */ = {isa = PBXBuildFile; fileRef = 40A1FBCB2554D3AD00DDB69F /* LikedPageView.swift */; };
		40A1FBCF2554F0E500DDB69F /* HelpInfoPage.swift in Sources */ = {isa = PBXBuildFile; fileRef = 40A1FBCE2554F0E500DDB69F /* HelpInfoPage.swift */; };
		40A1FBD22554F47300DDB69F /* PrivacyIntroPageView.swift in Sources */ = {isa = PBXBuildFile; fileRef = 40A1FBD12554F47300DDB69F /* PrivacyIntroPageView.swift */; };
		40B577EB255D025E00C71F87 /* AppDelegate.swift in Sources */ = {isa = PBXBuildFile; fileRef = 40B577EA255D025E00C71F87 /* AppDelegate.swift */; };
		40C40BDA2553EB320064B704 /* TopRoundedRectangleView.swift in Sources */ = {isa = PBXBuildFile; fileRef = 40C40BD92553EB320064B704 /* TopRoundedRectangleView.swift */; };
		40CC4D7025567F4600D822FB /* ScorePageView.swift in Sources */ = {isa = PBXBuildFile; fileRef = 40CC4D6F25567F4600D822FB /* ScorePageView.swift */; };
		40CC4D7F25568A3E00D822FB /* ScoreCircleView.swift in Sources */ = {isa = PBXBuildFile; fileRef = 40CC4D7E25568A3D00D822FB /* ScoreCircleView.swift */; };
		40CC4D8225569B4700D822FB /* ExperimentIntroPageview.swift in Sources */ = {isa = PBXBuildFile; fileRef = 40CC4D8125569B4700D822FB /* ExperimentIntroPageview.swift */; };
		40D92CB024E39934002BF5D0 /* Problem.swift in Sources */ = {isa = PBXBuildFile; fileRef = 40D92CAF24E39934002BF5D0 /* Problem.swift */; };
		40D92CB524E39944002BF5D0 /* CardViews.swift in Sources */ = {isa = PBXBuildFile; fileRef = 40D92CB224E39944002BF5D0 /* CardViews.swift */; };
		40D92CB624E39944002BF5D0 /* ProblemCard.swift in Sources */ = {isa = PBXBuildFile; fileRef = 40D92CB324E39944002BF5D0 /* ProblemCard.swift */; };
		40D92CB724E39944002BF5D0 /* ChoiceCell.swift in Sources */ = {isa = PBXBuildFile; fileRef = 40D92CB424E39944002BF5D0 /* ChoiceCell.swift */; };
		40FC9C02254944000033F84B /* ExperimentCardView.swift in Sources */ = {isa = PBXBuildFile; fileRef = 40FC9C01254944000033F84B /* ExperimentCardView.swift */; };
		40FC9C06254AB63C0033F84B /* ExpeCardBottomView.swift in Sources */ = {isa = PBXBuildFile; fileRef = 40FC9C05254AB63C0033F84B /* ExpeCardBottomView.swift */; };
		40FF3C7B25546C4D004C0797 /* ButtonManager.swift in Sources */ = {isa = PBXBuildFile; fileRef = 40FF3C7A25546C4D004C0797 /* ButtonManager.swift */; };
		63061C6D24E119F1001DEB43 /* SubjectView.swift in Sources */ = {isa = PBXBuildFile; fileRef = 63061C6C24E119F1001DEB43 /* SubjectView.swift */; };
		63061C6F24E120C9001DEB43 /* SubjectHeadView.swift in Sources */ = {isa = PBXBuildFile; fileRef = 63061C6E24E120C9001DEB43 /* SubjectHeadView.swift */; };
		63061C7224E1507B001DEB43 /* Subject.swift in Sources */ = {isa = PBXBuildFile; fileRef = 63061C7124E1507B001DEB43 /* Subject.swift */; };
		63061C7424E15095001DEB43 /* Lab.swift in Sources */ = {isa = PBXBuildFile; fileRef = 63061C7324E15095001DEB43 /* Lab.swift */; };
		63061C7824E277A1001DEB43 /* Constants+Device.swift in Sources */ = {isa = PBXBuildFile; fileRef = 63061C7724E277A1001DEB43 /* Constants+Device.swift */; };
		63061C7E24E2B0D6001DEB43 /* UINavigationController+Swipe.swift in Sources */ = {isa = PBXBuildFile; fileRef = 63061C7D24E2B0D6001DEB43 /* UINavigationController+Swipe.swift */; };
		63061C8024E2B25C001DEB43 /* CustomNavigationLinkModifier.swift in Sources */ = {isa = PBXBuildFile; fileRef = 63061C7F24E2B25C001DEB43 /* CustomNavigationLinkModifier.swift */; };
		63061C8424E2BF7F001DEB43 /* NavigationConfigurator.swift in Sources */ = {isa = PBXBuildFile; fileRef = 63061C8324E2BF7F001DEB43 /* NavigationConfigurator.swift */; };
		63061C8524E2D03B001DEB43 /* ResponsiveButtonStyle.swift in Sources */ = {isa = PBXBuildFile; fileRef = 6370B86124DFDBF700DC43E5 /* ResponsiveButtonStyle.swift */; };
		63061C8724E40F0F001DEB43 /* LabIntroView.swift in Sources */ = {isa = PBXBuildFile; fileRef = 63061C8624E40F0F001DEB43 /* LabIntroView.swift */; };
		633707B824DB14C1008256FC /* ARLaboratoryApp.swift in Sources */ = {isa = PBXBuildFile; fileRef = 633707B724DB14C1008256FC /* ARLaboratoryApp.swift */; };
		633707BA24DB14C1008256FC /* ContentView.swift in Sources */ = {isa = PBXBuildFile; fileRef = 633707B924DB14C1008256FC /* ContentView.swift */; };
		633707BC24DB14C2008256FC /* Assets.xcassets in Resources */ = {isa = PBXBuildFile; fileRef = 633707BB24DB14C2008256FC /* Assets.xcassets */; };
		633707BF24DB14C2008256FC /* Preview Assets.xcassets in Resources */ = {isa = PBXBuildFile; fileRef = 633707BE24DB14C2008256FC /* Preview Assets.xcassets */; };
		633BF443255C31F90000FD0B /* Utilities.swift in Sources */ = {isa = PBXBuildFile; fileRef = 633BF442255C31F90000FD0B /* Utilities.swift */; };
		6354F5A324E53C62007D4D21 /* ImportColumn.swift in Sources */ = {isa = PBXBuildFile; fileRef = 6354F5A224E53C62007D4D21 /* ImportColumn.swift */; };
		6370B85824DE8F5E00DC43E5 /* RecommandColumn.swift in Sources */ = {isa = PBXBuildFile; fileRef = 6370B85724DE8F5E00DC43E5 /* RecommandColumn.swift */; };
		6370B85A24DEE01100DC43E5 /* SubjectColumn.swift in Sources */ = {isa = PBXBuildFile; fileRef = 6370B85924DEE01100DC43E5 /* SubjectColumn.swift */; };
		6370B85C24DF926F00DC43E5 /* FavoriteColumn.swift in Sources */ = {isa = PBXBuildFile; fileRef = 6370B85B24DF926F00DC43E5 /* FavoriteColumn.swift */; };
		639E6E9824DDB23000073784 /* Constants+Screen.swift in Sources */ = {isa = PBXBuildFile; fileRef = 639E6E9724DDB23000073784 /* Constants+Screen.swift */; };
		639E6E9B24DE423300073784 /* LatexTextView.swift in Sources */ = {isa = PBXBuildFile; fileRef = 639E6E9A24DE423300073784 /* LatexTextView.swift */; };
		639E6EA024DE55EF00073784 /* Colors.xcassets in Resources */ = {isa = PBXBuildFile; fileRef = 639E6E9F24DE55EF00073784 /* Colors.xcassets */; };
		639E6EA124DE57C300073784 /* Constants+Color.swift in Sources */ = {isa = PBXBuildFile; fileRef = 639E6E9D24DE43A700073784 /* Constants+Color.swift */; };
		639E6EA324DE60E300073784 /* ColumnHeadView.swift in Sources */ = {isa = PBXBuildFile; fileRef = 639E6EA224DE60E300073784 /* ColumnHeadView.swift */; };
		63A5A0E4255C2E9D00B142AE /* Calculation+Extension.swift in Sources */ = {isa = PBXBuildFile; fileRef = 63A5A0E3255C2E9D00B142AE /* Calculation+Extension.swift */; };
		63A5A0E7255C2EA900B142AE /* ARLabViewController.swift in Sources */ = {isa = PBXBuildFile; fileRef = 63A5A0E6255C2EA900B142AE /* ARLabViewController.swift */; };
		63A5A0EB255C2EBD00B142AE /* Circle.usdz in Resources */ = {isa = PBXBuildFile; fileRef = 63A5A0E9255C2EBD00B142AE /* Circle.usdz */; };
		63A5A0EC255C2EBD00B142AE /* Convex_new.usdz in Resources */ = {isa = PBXBuildFile; fileRef = 63A5A0EA255C2EBD00B142AE /* Convex_new.usdz */; };
		63A5A0EF255C2EE000B142AE /* ConvexLabViewController.swift in Sources */ = {isa = PBXBuildFile; fileRef = 63A5A0EE255C2EE000B142AE /* ConvexLabViewController.swift */; };
		63A5A0F2255C2EE700B142AE /* CollaborationSettingView.swift in Sources */ = {isa = PBXBuildFile; fileRef = 63A5A0F1255C2EE700B142AE /* CollaborationSettingView.swift */; };
		63A5A0F5255C2EF100B142AE /* ConvexLabStatisticView.swift in Sources */ = {isa = PBXBuildFile; fileRef = 63A5A0F4255C2EF100B142AE /* ConvexLabStatisticView.swift */; };
		63A5A0FD255C2F0C00B142AE /* HintMessageLabel.swift in Sources */ = {isa = PBXBuildFile; fileRef = 63A5A0FA255C2F0C00B142AE /* HintMessageLabel.swift */; };
		63A5A0FE255C2F0C00B142AE /* MessageLabel.swift in Sources */ = {isa = PBXBuildFile; fileRef = 63A5A0FB255C2F0C00B142AE /* MessageLabel.swift */; };
		63A5A0FF255C2F0C00B142AE /* MultipeerSession.swift in Sources */ = {isa = PBXBuildFile; fileRef = 63A5A0FC255C2F0C00B142AE /* MultipeerSession.swift */; };
		63A5A105255C2F6200B142AE /* LeftPopoverWithArrowModifier.swift in Sources */ = {isa = PBXBuildFile; fileRef = 63A5A101255C2F6100B142AE /* LeftPopoverWithArrowModifier.swift */; };
		63A5A106255C2F6200B142AE /* ARButtonWithBlurBackground.swift in Sources */ = {isa = PBXBuildFile; fileRef = 63A5A102255C2F6100B142AE /* ARButtonWithBlurBackground.swift */; };
		63A5A107255C2F6200B142AE /* CautionCircleModifier.swift in Sources */ = {isa = PBXBuildFile; fileRef = 63A5A103255C2F6200B142AE /* CautionCircleModifier.swift */; };
		63A5A108255C2F6200B142AE /* TopLeftPopoverWithArrowModifier.swift in Sources */ = {isa = PBXBuildFile; fileRef = 63A5A104255C2F6200B142AE /* TopLeftPopoverWithArrowModifier.swift */; };
		63A5A10B255C2F6B00B142AE /* DistanceLabelView.swift in Sources */ = {isa = PBXBuildFile; fileRef = 63A5A10A255C2F6B00B142AE /* DistanceLabelView.swift */; };
		63A5A10F255C2F7600B142AE /* ConvexLabCommonSettingView.swift in Sources */ = {isa = PBXBuildFile; fileRef = 63A5A10E255C2F7600B142AE /* ConvexLabCommonSettingView.swift */; };
		63A5A114255C2F7D00B142AE /* pinch_gesture.json in Resources */ = {isa = PBXBuildFile; fileRef = 63A5A111255C2F7D00B142AE /* pinch_gesture.json */; };
		63A5A115255C2F7D00B142AE /* pinch_gesture2.json in Resources */ = {isa = PBXBuildFile; fileRef = 63A5A112255C2F7D00B142AE /* pinch_gesture2.json */; };
		63A5A116255C2F7D00B142AE /* ConvexLabStateEntity.swift in Sources */ = {isa = PBXBuildFile; fileRef = 63A5A113255C2F7D00B142AE /* ConvexLabStateEntity.swift */; };
		FA7E9522460ABC3BAF4A9B39 /* Pods_ARLaboratory.framework in Frameworks */ = {isa = PBXBuildFile; fileRef = CC1F1A11778A165D6C64BF1B /* Pods_ARLaboratory.framework */; };
/* End PBXBuildFile section */

/* Begin PBXFileReference section */
		21527092A38F7F8C12FFD701 /* Pods-ARLaboratory.debug.xcconfig */ = {isa = PBXFileReference; includeInIndex = 1; lastKnownFileType = text.xcconfig; name = "Pods-ARLaboratory.debug.xcconfig"; path = "Target Support Files/Pods-ARLaboratory/Pods-ARLaboratory.debug.xcconfig"; sourceTree = "<group>"; };
		402C943725427CE100409124 /* ExpInfo.swift */ = {isa = PBXFileReference; lastKnownFileType = sourcecode.swift; path = ExpInfo.swift; sourceTree = "<group>"; };
		4035C70325519F3F005B59B9 /* MainHomePageView.swift */ = {isa = PBXFileReference; lastKnownFileType = sourcecode.swift; path = MainHomePageView.swift; sourceTree = "<group>"; };
		4035C7082551A04E005B59B9 /* MainHomepageContentView.swift */ = {isa = PBXFileReference; lastKnownFileType = sourcecode.swift; path = MainHomepageContentView.swift; sourceTree = "<group>"; };
		403976B825529322007D0A35 /* HomepageHeaderView.swift */ = {isa = PBXFileReference; lastKnownFileType = sourcecode.swift; path = HomepageHeaderView.swift; sourceTree = "<group>"; };
		403F7A3625528EFB006642C7 /* StoreMainPage.swift */ = {isa = PBXFileReference; lastKnownFileType = sourcecode.swift; path = StoreMainPage.swift; sourceTree = "<group>"; };
		4055D7532557026B0025AA23 /* NotoSansMonoCJKsc-Bold.otf */ = {isa = PBXFileReference; lastKnownFileType = file; path = "NotoSansMonoCJKsc-Bold.otf"; sourceTree = "<group>"; };
		408690F524E634C300465EB8 /* ScoreView.swift */ = {isa = PBXFileReference; lastKnownFileType = sourcecode.swift; path = ScoreView.swift; sourceTree = "<group>"; };
		4091D17B2554AA8F006E0A06 /* AccountPageView.swift */ = {isa = PBXFileReference; lastKnownFileType = sourcecode.swift; path = AccountPageView.swift; sourceTree = "<group>"; };
		4091D18A2554BA13006E0A06 /* FunctionBarView.swift */ = {isa = PBXFileReference; lastKnownFileType = sourcecode.swift; path = FunctionBarView.swift; sourceTree = "<group>"; };
		4092D83F255299E700C68C73 /* SubtitleComponent.swift */ = {isa = PBXFileReference; lastKnownFileType = sourcecode.swift; path = SubtitleComponent.swift; sourceTree = "<group>"; };
		4092D85F25530AF900C68C73 /* ARLaboratory-Bridging-Header.h */ = {isa = PBXFileReference; lastKnownFileType = sourcecode.c.h; path = "ARLaboratory-Bridging-Header.h"; sourceTree = "<group>"; };
		40A1FBCB2554D3AD00DDB69F /* LikedPageView.swift */ = {isa = PBXFileReference; lastKnownFileType = sourcecode.swift; path = LikedPageView.swift; sourceTree = "<group>"; };
		40A1FBCE2554F0E500DDB69F /* HelpInfoPage.swift */ = {isa = PBXFileReference; lastKnownFileType = sourcecode.swift; path = HelpInfoPage.swift; sourceTree = "<group>"; };
		40A1FBD12554F47300DDB69F /* PrivacyIntroPageView.swift */ = {isa = PBXFileReference; lastKnownFileType = sourcecode.swift; path = PrivacyIntroPageView.swift; sourceTree = "<group>"; };
		40B577EA255D025E00C71F87 /* AppDelegate.swift */ = {isa = PBXFileReference; lastKnownFileType = sourcecode.swift; path = AppDelegate.swift; sourceTree = "<group>"; };
		40C40BD92553EB320064B704 /* TopRoundedRectangleView.swift */ = {isa = PBXFileReference; lastKnownFileType = sourcecode.swift; path = TopRoundedRectangleView.swift; sourceTree = "<group>"; };
		40CC4D6F25567F4600D822FB /* ScorePageView.swift */ = {isa = PBXFileReference; lastKnownFileType = sourcecode.swift; path = ScorePageView.swift; sourceTree = "<group>"; };
		40CC4D7E25568A3D00D822FB /* ScoreCircleView.swift */ = {isa = PBXFileReference; lastKnownFileType = sourcecode.swift; path = ScoreCircleView.swift; sourceTree = "<group>"; };
		40CC4D8125569B4700D822FB /* ExperimentIntroPageview.swift */ = {isa = PBXFileReference; lastKnownFileType = sourcecode.swift; path = ExperimentIntroPageview.swift; sourceTree = "<group>"; };
		40D92CAF24E39934002BF5D0 /* Problem.swift */ = {isa = PBXFileReference; fileEncoding = 4; lastKnownFileType = sourcecode.swift; path = Problem.swift; sourceTree = "<group>"; };
		40D92CB224E39944002BF5D0 /* CardViews.swift */ = {isa = PBXFileReference; fileEncoding = 4; lastKnownFileType = sourcecode.swift; path = CardViews.swift; sourceTree = "<group>"; };
		40D92CB324E39944002BF5D0 /* ProblemCard.swift */ = {isa = PBXFileReference; fileEncoding = 4; lastKnownFileType = sourcecode.swift; path = ProblemCard.swift; sourceTree = "<group>"; };
		40D92CB424E39944002BF5D0 /* ChoiceCell.swift */ = {isa = PBXFileReference; fileEncoding = 4; lastKnownFileType = sourcecode.swift; path = ChoiceCell.swift; sourceTree = "<group>"; };
		40FC9C01254944000033F84B /* ExperimentCardView.swift */ = {isa = PBXFileReference; lastKnownFileType = sourcecode.swift; path = ExperimentCardView.swift; sourceTree = "<group>"; };
		40FC9C05254AB63C0033F84B /* ExpeCardBottomView.swift */ = {isa = PBXFileReference; lastKnownFileType = sourcecode.swift; path = ExpeCardBottomView.swift; sourceTree = "<group>"; };
		40FF3C7A25546C4D004C0797 /* ButtonManager.swift */ = {isa = PBXFileReference; lastKnownFileType = sourcecode.swift; path = ButtonManager.swift; sourceTree = "<group>"; };
		63061C6C24E119F1001DEB43 /* SubjectView.swift */ = {isa = PBXFileReference; lastKnownFileType = sourcecode.swift; path = SubjectView.swift; sourceTree = "<group>"; };
		63061C6E24E120C9001DEB43 /* SubjectHeadView.swift */ = {isa = PBXFileReference; lastKnownFileType = sourcecode.swift; path = SubjectHeadView.swift; sourceTree = "<group>"; };
		63061C7124E1507B001DEB43 /* Subject.swift */ = {isa = PBXFileReference; lastKnownFileType = sourcecode.swift; path = Subject.swift; sourceTree = "<group>"; };
		63061C7324E15095001DEB43 /* Lab.swift */ = {isa = PBXFileReference; lastKnownFileType = sourcecode.swift; path = Lab.swift; sourceTree = "<group>"; };
		63061C7724E277A1001DEB43 /* Constants+Device.swift */ = {isa = PBXFileReference; lastKnownFileType = sourcecode.swift; path = "Constants+Device.swift"; sourceTree = "<group>"; };
		63061C7D24E2B0D6001DEB43 /* UINavigationController+Swipe.swift */ = {isa = PBXFileReference; lastKnownFileType = sourcecode.swift; path = "UINavigationController+Swipe.swift"; sourceTree = "<group>"; };
		63061C7F24E2B25C001DEB43 /* CustomNavigationLinkModifier.swift */ = {isa = PBXFileReference; lastKnownFileType = sourcecode.swift; path = CustomNavigationLinkModifier.swift; sourceTree = "<group>"; };
		63061C8324E2BF7F001DEB43 /* NavigationConfigurator.swift */ = {isa = PBXFileReference; lastKnownFileType = sourcecode.swift; path = NavigationConfigurator.swift; sourceTree = "<group>"; };
		63061C8624E40F0F001DEB43 /* LabIntroView.swift */ = {isa = PBXFileReference; lastKnownFileType = sourcecode.swift; path = LabIntroView.swift; sourceTree = "<group>"; };
		633707B424DB14C1008256FC /* ARLaboratory.app */ = {isa = PBXFileReference; explicitFileType = wrapper.application; includeInIndex = 0; path = ARLaboratory.app; sourceTree = BUILT_PRODUCTS_DIR; };
		633707B724DB14C1008256FC /* ARLaboratoryApp.swift */ = {isa = PBXFileReference; lastKnownFileType = sourcecode.swift; path = ARLaboratoryApp.swift; sourceTree = "<group>"; };
		633707B924DB14C1008256FC /* ContentView.swift */ = {isa = PBXFileReference; lastKnownFileType = sourcecode.swift; path = ContentView.swift; sourceTree = "<group>"; };
		633707BB24DB14C2008256FC /* Assets.xcassets */ = {isa = PBXFileReference; lastKnownFileType = folder.assetcatalog; path = Assets.xcassets; sourceTree = "<group>"; };
		633707BE24DB14C2008256FC /* Preview Assets.xcassets */ = {isa = PBXFileReference; lastKnownFileType = folder.assetcatalog; path = "Preview Assets.xcassets"; sourceTree = "<group>"; };
		633707C024DB14C2008256FC /* Info.plist */ = {isa = PBXFileReference; lastKnownFileType = text.plist.xml; path = Info.plist; sourceTree = "<group>"; };
		633BF442255C31F90000FD0B /* Utilities.swift */ = {isa = PBXFileReference; fileEncoding = 4; lastKnownFileType = sourcecode.swift; path = Utilities.swift; sourceTree = "<group>"; };
		6354F5A224E53C62007D4D21 /* ImportColumn.swift */ = {isa = PBXFileReference; lastKnownFileType = sourcecode.swift; path = ImportColumn.swift; sourceTree = "<group>"; };
		6370B85724DE8F5E00DC43E5 /* RecommandColumn.swift */ = {isa = PBXFileReference; lastKnownFileType = sourcecode.swift; path = RecommandColumn.swift; sourceTree = "<group>"; };
		6370B85924DEE01100DC43E5 /* SubjectColumn.swift */ = {isa = PBXFileReference; lastKnownFileType = sourcecode.swift; path = SubjectColumn.swift; sourceTree = "<group>"; };
		6370B85B24DF926F00DC43E5 /* FavoriteColumn.swift */ = {isa = PBXFileReference; lastKnownFileType = sourcecode.swift; path = FavoriteColumn.swift; sourceTree = "<group>"; };
		6370B86124DFDBF700DC43E5 /* ResponsiveButtonStyle.swift */ = {isa = PBXFileReference; lastKnownFileType = sourcecode.swift; path = ResponsiveButtonStyle.swift; sourceTree = "<group>"; };
		639E6E9724DDB23000073784 /* Constants+Screen.swift */ = {isa = PBXFileReference; lastKnownFileType = sourcecode.swift; path = "Constants+Screen.swift"; sourceTree = "<group>"; };
		639E6E9A24DE423300073784 /* LatexTextView.swift */ = {isa = PBXFileReference; lastKnownFileType = sourcecode.swift; path = LatexTextView.swift; sourceTree = "<group>"; };
		639E6E9D24DE43A700073784 /* Constants+Color.swift */ = {isa = PBXFileReference; lastKnownFileType = sourcecode.swift; path = "Constants+Color.swift"; sourceTree = "<group>"; };
		639E6E9F24DE55EF00073784 /* Colors.xcassets */ = {isa = PBXFileReference; lastKnownFileType = folder.assetcatalog; path = Colors.xcassets; sourceTree = "<group>"; };
		639E6EA224DE60E300073784 /* ColumnHeadView.swift */ = {isa = PBXFileReference; lastKnownFileType = sourcecode.swift; path = ColumnHeadView.swift; sourceTree = "<group>"; };
		63A5A0E3255C2E9D00B142AE /* Calculation+Extension.swift */ = {isa = PBXFileReference; fileEncoding = 4; lastKnownFileType = sourcecode.swift; path = "Calculation+Extension.swift"; sourceTree = "<group>"; };
		63A5A0E6255C2EA900B142AE /* ARLabViewController.swift */ = {isa = PBXFileReference; fileEncoding = 4; lastKnownFileType = sourcecode.swift; path = ARLabViewController.swift; sourceTree = "<group>"; };
		63A5A0E9255C2EBD00B142AE /* Circle.usdz */ = {isa = PBXFileReference; lastKnownFileType = file.usdz; path = Circle.usdz; sourceTree = "<group>"; };
		63A5A0EA255C2EBD00B142AE /* Convex_new.usdz */ = {isa = PBXFileReference; lastKnownFileType = file.usdz; path = Convex_new.usdz; sourceTree = "<group>"; };
		63A5A0EE255C2EE000B142AE /* ConvexLabViewController.swift */ = {isa = PBXFileReference; fileEncoding = 4; lastKnownFileType = sourcecode.swift; path = ConvexLabViewController.swift; sourceTree = "<group>"; };
		63A5A0F1255C2EE700B142AE /* CollaborationSettingView.swift */ = {isa = PBXFileReference; fileEncoding = 4; lastKnownFileType = sourcecode.swift; path = CollaborationSettingView.swift; sourceTree = "<group>"; };
		63A5A0F4255C2EF100B142AE /* ConvexLabStatisticView.swift */ = {isa = PBXFileReference; fileEncoding = 4; lastKnownFileType = sourcecode.swift; path = ConvexLabStatisticView.swift; sourceTree = "<group>"; };
		63A5A0FA255C2F0C00B142AE /* HintMessageLabel.swift */ = {isa = PBXFileReference; fileEncoding = 4; lastKnownFileType = sourcecode.swift; path = HintMessageLabel.swift; sourceTree = "<group>"; };
		63A5A0FB255C2F0C00B142AE /* MessageLabel.swift */ = {isa = PBXFileReference; fileEncoding = 4; lastKnownFileType = sourcecode.swift; path = MessageLabel.swift; sourceTree = "<group>"; };
		63A5A0FC255C2F0C00B142AE /* MultipeerSession.swift */ = {isa = PBXFileReference; fileEncoding = 4; lastKnownFileType = sourcecode.swift; path = MultipeerSession.swift; sourceTree = "<group>"; };
		63A5A101255C2F6100B142AE /* LeftPopoverWithArrowModifier.swift */ = {isa = PBXFileReference; fileEncoding = 4; lastKnownFileType = sourcecode.swift; path = LeftPopoverWithArrowModifier.swift; sourceTree = "<group>"; };
		63A5A102255C2F6100B142AE /* ARButtonWithBlurBackground.swift */ = {isa = PBXFileReference; fileEncoding = 4; lastKnownFileType = sourcecode.swift; path = ARButtonWithBlurBackground.swift; sourceTree = "<group>"; };
		63A5A103255C2F6200B142AE /* CautionCircleModifier.swift */ = {isa = PBXFileReference; fileEncoding = 4; lastKnownFileType = sourcecode.swift; path = CautionCircleModifier.swift; sourceTree = "<group>"; };
		63A5A104255C2F6200B142AE /* TopLeftPopoverWithArrowModifier.swift */ = {isa = PBXFileReference; fileEncoding = 4; lastKnownFileType = sourcecode.swift; path = TopLeftPopoverWithArrowModifier.swift; sourceTree = "<group>"; };
		63A5A10A255C2F6B00B142AE /* DistanceLabelView.swift */ = {isa = PBXFileReference; fileEncoding = 4; lastKnownFileType = sourcecode.swift; path = DistanceLabelView.swift; sourceTree = "<group>"; };
		63A5A10E255C2F7600B142AE /* ConvexLabCommonSettingView.swift */ = {isa = PBXFileReference; fileEncoding = 4; lastKnownFileType = sourcecode.swift; path = ConvexLabCommonSettingView.swift; sourceTree = "<group>"; };
		63A5A111255C2F7D00B142AE /* pinch_gesture.json */ = {isa = PBXFileReference; fileEncoding = 4; lastKnownFileType = text.json; path = pinch_gesture.json; sourceTree = "<group>"; };
		63A5A112255C2F7D00B142AE /* pinch_gesture2.json */ = {isa = PBXFileReference; fileEncoding = 4; lastKnownFileType = text.json; path = pinch_gesture2.json; sourceTree = "<group>"; };
		63A5A113255C2F7D00B142AE /* ConvexLabStateEntity.swift */ = {isa = PBXFileReference; fileEncoding = 4; lastKnownFileType = sourcecode.swift; path = ConvexLabStateEntity.swift; sourceTree = "<group>"; };
		8C3A2B5F14F50FFB34C0FA77 /* Pods-ARLaboratory.release.xcconfig */ = {isa = PBXFileReference; includeInIndex = 1; lastKnownFileType = text.xcconfig; name = "Pods-ARLaboratory.release.xcconfig"; path = "Target Support Files/Pods-ARLaboratory/Pods-ARLaboratory.release.xcconfig"; sourceTree = "<group>"; };
		CC1F1A11778A165D6C64BF1B /* Pods_ARLaboratory.framework */ = {isa = PBXFileReference; explicitFileType = wrapper.framework; includeInIndex = 0; path = Pods_ARLaboratory.framework; sourceTree = BUILT_PRODUCTS_DIR; };
/* End PBXFileReference section */

/* Begin PBXFrameworksBuildPhase section */
		633707B124DB14C1008256FC /* Frameworks */ = {
			isa = PBXFrameworksBuildPhase;
			buildActionMask = 2147483647;
			files = (
				FA7E9522460ABC3BAF4A9B39 /* Pods_ARLaboratory.framework in Frameworks */,
			);
			runOnlyForDeploymentPostprocessing = 0;
		};
/* End PBXFrameworksBuildPhase section */

/* Begin PBXGroup section */
		2D660553A87F1292CDE8F147 /* Pods */ = {
			isa = PBXGroup;
			children = (
				21527092A38F7F8C12FFD701 /* Pods-ARLaboratory.debug.xcconfig */,
				8C3A2B5F14F50FFB34C0FA77 /* Pods-ARLaboratory.release.xcconfig */,
			);
			path = Pods;
			sourceTree = "<group>";
		};
		37613FC729C1F910A900825F /* Frameworks */ = {
			isa = PBXGroup;
			children = (
				CC1F1A11778A165D6C64BF1B /* Pods_ARLaboratory.framework */,
			);
			name = Frameworks;
			sourceTree = "<group>";
		};
		403F7A3525528EC1006642C7 /* MainPages */ = {
			isa = PBXGroup;
			children = (
				403F7A3625528EFB006642C7 /* StoreMainPage.swift */,
				40CC4D8125569B4700D822FB /* ExperimentIntroPageview.swift */,
				40A1FBCB2554D3AD00DDB69F /* LikedPageView.swift */,
				40CC4D6F25567F4600D822FB /* ScorePageView.swift */,
				40A1FBCE2554F0E500DDB69F /* HelpInfoPage.swift */,
				40A1FBD12554F47300DDB69F /* PrivacyIntroPageView.swift */,
				4091D17B2554AA8F006E0A06 /* AccountPageView.swift */,
				4035C7082551A04E005B59B9 /* MainHomepageContentView.swift */,
			);
			path = MainPages;
			sourceTree = "<group>";
		};
		40C074292552998B00DDA96E /* Components */ = {
			isa = PBXGroup;
			children = (
				40C40BD92553EB320064B704 /* TopRoundedRectangleView.swift */,
				4092D83F255299E700C68C73 /* SubtitleComponent.swift */,
				40FC9C01254944000033F84B /* ExperimentCardView.swift */,
				40FC9C05254AB63C0033F84B /* ExpeCardBottomView.swift */,
				4091D18A2554BA13006E0A06 /* FunctionBarView.swift */,
				403976B825529322007D0A35 /* HomepageHeaderView.swift */,
				40CC4D7E25568A3D00D822FB /* ScoreCircleView.swift */,
			);
			path = Components;
			sourceTree = "<group>";
		};
		40D92CB124E39944002BF5D0 /* Q&A Page */ = {
			isa = PBXGroup;
			children = (
				40D92CB224E39944002BF5D0 /* CardViews.swift */,
				408690F524E634C300465EB8 /* ScoreView.swift */,
				40D92CB324E39944002BF5D0 /* ProblemCard.swift */,
				40D92CB424E39944002BF5D0 /* ChoiceCell.swift */,
			);
			path = "Q&A Page";
			sourceTree = "<group>";
		};
		63061C6424DFE77A001DEB43 /* Modifier */ = {
			isa = PBXGroup;
			children = (
				6370B86124DFDBF700DC43E5 /* ResponsiveButtonStyle.swift */,
				63061C7F24E2B25C001DEB43 /* CustomNavigationLinkModifier.swift */,
			);
			path = Modifier;
			sourceTree = "<group>";
		};
		63061C6524DFE786001DEB43 /* Helper View */ = {
			isa = PBXGroup;
			children = (
				639E6E9A24DE423300073784 /* LatexTextView.swift */,
				63061C8324E2BF7F001DEB43 /* NavigationConfigurator.swift */,
			);
			path = "Helper View";
			sourceTree = "<group>";
		};
		63061C7024E1506A001DEB43 /* Model */ = {
			isa = PBXGroup;
			children = (
				63061C7124E1507B001DEB43 /* Subject.swift */,
				40D92CAF24E39934002BF5D0 /* Problem.swift */,
				63061C7324E15095001DEB43 /* Lab.swift */,
				402C943725427CE100409124 /* ExpInfo.swift */,
			);
			path = Model;
			sourceTree = "<group>";
		};
		63061C7B24E2B0A9001DEB43 /* Extension */ = {
			isa = PBXGroup;
			children = (
				63061C7D24E2B0D6001DEB43 /* UINavigationController+Swipe.swift */,
			);
			path = Extension;
			sourceTree = "<group>";
		};
		633707AB24DB14C1008256FC = {
			isa = PBXGroup;
			children = (
				633707B624DB14C1008256FC /* ARLaboratory */,
				633707B524DB14C1008256FC /* Products */,
				2D660553A87F1292CDE8F147 /* Pods */,
				37613FC729C1F910A900825F /* Frameworks */,
			);
			sourceTree = "<group>";
		};
		633707B524DB14C1008256FC /* Products */ = {
			isa = PBXGroup;
			children = (
				633707B424DB14C1008256FC /* ARLaboratory.app */,
			);
			name = Products;
			sourceTree = "<group>";
		};
		633707B624DB14C1008256FC /* ARLaboratory */ = {
			isa = PBXGroup;
			children = (
				4092D85F25530AF900C68C73 /* ARLaboratory-Bridging-Header.h */,
				4055D7532557026B0025AA23 /* NotoSansMonoCJKsc-Bold.otf */,
				633707B924DB14C1008256FC /* ContentView.swift */,
				639E6E9924DE421A00073784 /* View */,
				639E6E9624DDB21F00073784 /* Helper */,
				63061C7B24E2B0A9001DEB43 /* Extension */,
				639E6E9C24DE438B00073784 /* Supporting Files */,
				633707BD24DB14C2008256FC /* Preview Content */,
			);
			path = ARLaboratory;
			sourceTree = "<group>";
		};
		633707BD24DB14C2008256FC /* Preview Content */ = {
			isa = PBXGroup;
			children = (
				633707BE24DB14C2008256FC /* Preview Assets.xcassets */,
			);
			path = "Preview Content";
			sourceTree = "<group>";
		};
		639E6E9624DDB21F00073784 /* Helper */ = {
			isa = PBXGroup;
			children = (
				63A5A0E3255C2E9D00B142AE /* Calculation+Extension.swift */,
				639E6E9D24DE43A700073784 /* Constants+Color.swift */,
				639E6E9724DDB23000073784 /* Constants+Screen.swift */,
				63061C7724E277A1001DEB43 /* Constants+Device.swift */,
			);
			path = Helper;
			sourceTree = "<group>";
		};
		639E6E9924DE421A00073784 /* View */ = {
			isa = PBXGroup;
			children = (
				4035C70325519F3F005B59B9 /* MainHomePageView.swift */,
				63A5A0E1255C2E6300B142AE /* Lab */,
				40C074292552998B00DDA96E /* Components */,
				403F7A3525528EC1006642C7 /* MainPages */,
				40D92CB124E39944002BF5D0 /* Q&A Page */,
				63061C7024E1506A001DEB43 /* Model */,
				63061C6524DFE786001DEB43 /* Helper View */,
				63061C6424DFE77A001DEB43 /* Modifier */,
				639E6EA224DE60E300073784 /* ColumnHeadView.swift */,
				6370B85724DE8F5E00DC43E5 /* RecommandColumn.swift */,
				6370B85924DEE01100DC43E5 /* SubjectColumn.swift */,
				6370B85B24DF926F00DC43E5 /* FavoriteColumn.swift */,
				63061C6C24E119F1001DEB43 /* SubjectView.swift */,
				63061C6E24E120C9001DEB43 /* SubjectHeadView.swift */,
				63061C8624E40F0F001DEB43 /* LabIntroView.swift */,
				6354F5A224E53C62007D4D21 /* ImportColumn.swift */,
			);
			path = View;
			sourceTree = "<group>";
		};
		639E6E9C24DE438B00073784 /* Supporting Files */ = {
			isa = PBXGroup;
			children = (
				633707B724DB14C1008256FC /* ARLaboratoryApp.swift */,
				633707BB24DB14C2008256FC /* Assets.xcassets */,
				639E6E9F24DE55EF00073784 /* Colors.xcassets */,
				633707C024DB14C2008256FC /* Info.plist */,
				40FF3C7A25546C4D004C0797 /* ButtonManager.swift */,
				40B577EA255D025E00C71F87 /* AppDelegate.swift */,
			);
			path = "Supporting Files";
			sourceTree = "<group>";
		};
		63A5A0E1255C2E6300B142AE /* Lab */ = {
			isa = PBXGroup;
			children = (
				63A5A0E6255C2EA900B142AE /* ARLabViewController.swift */,
				63A5A0F1255C2EE700B142AE /* CollaborationSettingView.swift */,
				63A5A0FA255C2F0C00B142AE /* HintMessageLabel.swift */,
				63A5A0FB255C2F0C00B142AE /* MessageLabel.swift */,
				63A5A0FC255C2F0C00B142AE /* MultipeerSession.swift */,
				63A5A102255C2F6100B142AE /* ARButtonWithBlurBackground.swift */,
				63A5A103255C2F6200B142AE /* CautionCircleModifier.swift */,
				63A5A101255C2F6100B142AE /* LeftPopoverWithArrowModifier.swift */,
				63A5A104255C2F6200B142AE /* TopLeftPopoverWithArrowModifier.swift */,
				63A5A10A255C2F6B00B142AE /* DistanceLabelView.swift */,
				633BF442255C31F90000FD0B /* Utilities.swift */,
				63A5A0E2255C2E6800B142AE /* ConvexLab */,
			);
			path = Lab;
			sourceTree = "<group>";
		};
		63A5A0E2255C2E6800B142AE /* ConvexLab */ = {
			isa = PBXGroup;
			children = (
				63A5A0EE255C2EE000B142AE /* ConvexLabViewController.swift */,
				63A5A0F4255C2EF100B142AE /* ConvexLabStatisticView.swift */,
				63A5A113255C2F7D00B142AE /* ConvexLabStateEntity.swift */,
				63A5A111255C2F7D00B142AE /* pinch_gesture.json */,
				63A5A112255C2F7D00B142AE /* pinch_gesture2.json */,
				63A5A10E255C2F7600B142AE /* ConvexLabCommonSettingView.swift */,
				63A5A0E9255C2EBD00B142AE /* Circle.usdz */,
				63A5A0EA255C2EBD00B142AE /* Convex_new.usdz */,
			);
			path = ConvexLab;
			sourceTree = "<group>";
		};
/* End PBXGroup section */

/* Begin PBXNativeTarget section */
		633707B324DB14C1008256FC /* ARLaboratory */ = {
			isa = PBXNativeTarget;
			buildConfigurationList = 633707C324DB14C2008256FC /* Build configuration list for PBXNativeTarget "ARLaboratory" */;
			buildPhases = (
				8420EB51DE2032FED23A1CAF /* [CP] Check Pods Manifest.lock */,
				633707B024DB14C1008256FC /* Sources */,
				633707B124DB14C1008256FC /* Frameworks */,
				633707B224DB14C1008256FC /* Resources */,
				0FBD4CECF6AC42E36E20A67B /* [CP] Embed Pods Frameworks */,
			);
			buildRules = (
			);
			dependencies = (
			);
			name = ARLaboratory;
			productName = ARLaboratory;
			productReference = 633707B424DB14C1008256FC /* ARLaboratory.app */;
			productType = "com.apple.product-type.application";
		};
/* End PBXNativeTarget section */

/* Begin PBXProject section */
		633707AC24DB14C1008256FC /* Project object */ = {
			isa = PBXProject;
			attributes = {
				LastSwiftUpdateCheck = 1200;
				LastUpgradeCheck = 1200;
				TargetAttributes = {
					633707B324DB14C1008256FC = {
						CreatedOnToolsVersion = 12.0;
					};
				};
			};
			buildConfigurationList = 633707AF24DB14C1008256FC /* Build configuration list for PBXProject "ARLaboratory" */;
			compatibilityVersion = "Xcode 9.3";
			developmentRegion = en;
			hasScannedForEncodings = 0;
			knownRegions = (
				en,
				Base,
			);
			mainGroup = 633707AB24DB14C1008256FC;
			productRefGroup = 633707B524DB14C1008256FC /* Products */;
			projectDirPath = "";
			projectRoot = "";
			targets = (
				633707B324DB14C1008256FC /* ARLaboratory */,
			);
		};
/* End PBXProject section */

/* Begin PBXResourcesBuildPhase section */
		633707B224DB14C1008256FC /* Resources */ = {
			isa = PBXResourcesBuildPhase;
			buildActionMask = 2147483647;
			files = (
				639E6EA024DE55EF00073784 /* Colors.xcassets in Resources */,
				63A5A115255C2F7D00B142AE /* pinch_gesture2.json in Resources */,
				63A5A0EB255C2EBD00B142AE /* Circle.usdz in Resources */,
				633707BF24DB14C2008256FC /* Preview Assets.xcassets in Resources */,
				633707BC24DB14C2008256FC /* Assets.xcassets in Resources */,
				63A5A114255C2F7D00B142AE /* pinch_gesture.json in Resources */,
				63A5A0EC255C2EBD00B142AE /* Convex_new.usdz in Resources */,
			);
			runOnlyForDeploymentPostprocessing = 0;
		};
/* End PBXResourcesBuildPhase section */

/* Begin PBXShellScriptBuildPhase section */
		0FBD4CECF6AC42E36E20A67B /* [CP] Embed Pods Frameworks */ = {
			isa = PBXShellScriptBuildPhase;
			buildActionMask = 2147483647;
			files = (
			);
			inputFileListPaths = (
				"${PODS_ROOT}/Target Support Files/Pods-ARLaboratory/Pods-ARLaboratory-frameworks-${CONFIGURATION}-input-files.xcfilelist",
			);
			name = "[CP] Embed Pods Frameworks";
			outputFileListPaths = (
				"${PODS_ROOT}/Target Support Files/Pods-ARLaboratory/Pods-ARLaboratory-frameworks-${CONFIGURATION}-output-files.xcfilelist",
			);
			runOnlyForDeploymentPostprocessing = 0;
			shellPath = /bin/sh;
			shellScript = "\"${PODS_ROOT}/Target Support Files/Pods-ARLaboratory/Pods-ARLaboratory-frameworks.sh\"\n";
			showEnvVarsInLog = 0;
		};
		8420EB51DE2032FED23A1CAF /* [CP] Check Pods Manifest.lock */ = {
			isa = PBXShellScriptBuildPhase;
			buildActionMask = 2147483647;
			files = (
			);
			inputFileListPaths = (
			);
			inputPaths = (
				"${PODS_PODFILE_DIR_PATH}/Podfile.lock",
				"${PODS_ROOT}/Manifest.lock",
			);
			name = "[CP] Check Pods Manifest.lock";
			outputFileListPaths = (
			);
			outputPaths = (
				"$(DERIVED_FILE_DIR)/Pods-ARLaboratory-checkManifestLockResult.txt",
			);
			runOnlyForDeploymentPostprocessing = 0;
			shellPath = /bin/sh;
			shellScript = "diff \"${PODS_PODFILE_DIR_PATH}/Podfile.lock\" \"${PODS_ROOT}/Manifest.lock\" > /dev/null\nif [ $? != 0 ] ; then\n    # print error to STDERR\n    echo \"error: The sandbox is not in sync with the Podfile.lock. Run 'pod install' or update your CocoaPods installation.\" >&2\n    exit 1\nfi\n# This output is used by Xcode 'outputs' to avoid re-running this script phase.\necho \"SUCCESS\" > \"${SCRIPT_OUTPUT_FILE_0}\"\n";
			showEnvVarsInLog = 0;
		};
/* End PBXShellScriptBuildPhase section */

/* Begin PBXSourcesBuildPhase section */
		633707B024DB14C1008256FC /* Sources */ = {
			isa = PBXSourcesBuildPhase;
			buildActionMask = 2147483647;
			files = (
				40B577EB255D025E00C71F87 /* AppDelegate.swift in Sources */,
				40D92CB624E39944002BF5D0 /* ProblemCard.swift in Sources */,
				639E6E9B24DE423300073784 /* LatexTextView.swift in Sources */,
				633707BA24DB14C1008256FC /* ContentView.swift in Sources */,
				40A1FBCF2554F0E500DDB69F /* HelpInfoPage.swift in Sources */,
				63A5A0FE255C2F0C00B142AE /* MessageLabel.swift in Sources */,
				40FC9C06254AB63C0033F84B /* ExpeCardBottomView.swift in Sources */,
				40FC9C02254944000033F84B /* ExperimentCardView.swift in Sources */,
				63A5A107255C2F6200B142AE /* CautionCircleModifier.swift in Sources */,
				63061C8724E40F0F001DEB43 /* LabIntroView.swift in Sources */,
				40CC4D7F25568A3E00D822FB /* ScoreCircleView.swift in Sources */,
				63A5A0E7255C2EA900B142AE /* ARLabViewController.swift in Sources */,
				40C40BDA2553EB320064B704 /* TopRoundedRectangleView.swift in Sources */,
				63A5A10F255C2F7600B142AE /* ConvexLabCommonSettingView.swift in Sources */,
				639E6EA324DE60E300073784 /* ColumnHeadView.swift in Sources */,
				63A5A106255C2F6200B142AE /* ARButtonWithBlurBackground.swift in Sources */,
				6370B85824DE8F5E00DC43E5 /* RecommandColumn.swift in Sources */,
				6370B85A24DEE01100DC43E5 /* SubjectColumn.swift in Sources */,
				403976B925529322007D0A35 /* HomepageHeaderView.swift in Sources */,
				63A5A0E4255C2E9D00B142AE /* Calculation+Extension.swift in Sources */,
				40FF3C7B25546C4D004C0797 /* ButtonManager.swift in Sources */,
				63061C8024E2B25C001DEB43 /* CustomNavigationLinkModifier.swift in Sources */,
				40D92CB524E39944002BF5D0 /* CardViews.swift in Sources */,
				63A5A116255C2F7D00B142AE /* ConvexLabStateEntity.swift in Sources */,
				6370B85C24DF926F00DC43E5 /* FavoriteColumn.swift in Sources */,
				63061C7224E1507B001DEB43 /* Subject.swift in Sources */,
				4035C70425519F3F005B59B9 /* MainHomePageView.swift in Sources */,
				63A5A0FD255C2F0C00B142AE /* HintMessageLabel.swift in Sources */,
				63061C6D24E119F1001DEB43 /* SubjectView.swift in Sources */,
				63A5A0FF255C2F0C00B142AE /* MultipeerSession.swift in Sources */,
				63061C8524E2D03B001DEB43 /* ResponsiveButtonStyle.swift in Sources */,
				4035C7092551A04E005B59B9 /* MainHomepageContentView.swift in Sources */,
				63061C7424E15095001DEB43 /* Lab.swift in Sources */,
				639E6EA124DE57C300073784 /* Constants+Color.swift in Sources */,
				63A5A108255C2F6200B142AE /* TopLeftPopoverWithArrowModifier.swift in Sources */,
				4091D18B2554BA13006E0A06 /* FunctionBarView.swift in Sources */,
				4092D840255299E700C68C73 /* SubtitleComponent.swift in Sources */,
				402C943825427CE100409124 /* ExpInfo.swift in Sources */,
				63A5A0EF255C2EE000B142AE /* ConvexLabViewController.swift in Sources */,
				63A5A105255C2F6200B142AE /* LeftPopoverWithArrowModifier.swift in Sources */,
				63A5A10B255C2F6B00B142AE /* DistanceLabelView.swift in Sources */,
				40A1FBCC2554D3AD00DDB69F /* LikedPageView.swift in Sources */,
				63061C7E24E2B0D6001DEB43 /* UINavigationController+Swipe.swift in Sources */,
				4091D17C2554AA8F006E0A06 /* AccountPageView.swift in Sources */,
				63061C7824E277A1001DEB43 /* Constants+Device.swift in Sources */,
				633BF443255C31F90000FD0B /* Utilities.swift in Sources */,
				408690F624E634C300465EB8 /* ScoreView.swift in Sources */,
				40D92CB024E39934002BF5D0 /* Problem.swift in Sources */,
				633707B824DB14C1008256FC /* ARLaboratoryApp.swift in Sources */,
				63061C6F24E120C9001DEB43 /* SubjectHeadView.swift in Sources */,
				40CC4D7025567F4600D822FB /* ScorePageView.swift in Sources */,
				63061C8424E2BF7F001DEB43 /* NavigationConfigurator.swift in Sources */,
				40D92CB724E39944002BF5D0 /* ChoiceCell.swift in Sources */,
				403F7A3725528EFB006642C7 /* StoreMainPage.swift in Sources */,
				6354F5A324E53C62007D4D21 /* ImportColumn.swift in Sources */,
				639E6E9824DDB23000073784 /* Constants+Screen.swift in Sources */,
				63A5A0F5255C2EF100B142AE /* ConvexLabStatisticView.swift in Sources */,
				63A5A0F2255C2EE700B142AE /* CollaborationSettingView.swift in Sources */,
				40CC4D8225569B4700D822FB /* ExperimentIntroPageview.swift in Sources */,
				40A1FBD22554F47300DDB69F /* PrivacyIntroPageView.swift in Sources */,
			);
			runOnlyForDeploymentPostprocessing = 0;
		};
/* End PBXSourcesBuildPhase section */

/* Begin XCBuildConfiguration section */
		633707C124DB14C2008256FC /* Debug */ = {
			isa = XCBuildConfiguration;
			buildSettings = {
				ALWAYS_SEARCH_USER_PATHS = NO;
				CLANG_ANALYZER_NONNULL = YES;
				CLANG_ANALYZER_NUMBER_OBJECT_CONVERSION = YES_AGGRESSIVE;
				CLANG_CXX_LANGUAGE_STANDARD = "gnu++14";
				CLANG_CXX_LIBRARY = "libc++";
				CLANG_ENABLE_MODULES = YES;
				CLANG_ENABLE_OBJC_ARC = YES;
				CLANG_ENABLE_OBJC_WEAK = YES;
				CLANG_WARN_BLOCK_CAPTURE_AUTORELEASING = YES;
				CLANG_WARN_BOOL_CONVERSION = YES;
				CLANG_WARN_COMMA = YES;
				CLANG_WARN_CONSTANT_CONVERSION = YES;
				CLANG_WARN_DEPRECATED_OBJC_IMPLEMENTATIONS = YES;
				CLANG_WARN_DIRECT_OBJC_ISA_USAGE = YES_ERROR;
				CLANG_WARN_DOCUMENTATION_COMMENTS = YES;
				CLANG_WARN_EMPTY_BODY = YES;
				CLANG_WARN_ENUM_CONVERSION = YES;
				CLANG_WARN_INFINITE_RECURSION = YES;
				CLANG_WARN_INT_CONVERSION = YES;
				CLANG_WARN_NON_LITERAL_NULL_CONVERSION = YES;
				CLANG_WARN_OBJC_IMPLICIT_RETAIN_SELF = YES;
				CLANG_WARN_OBJC_LITERAL_CONVERSION = YES;
				CLANG_WARN_OBJC_ROOT_CLASS = YES_ERROR;
				CLANG_WARN_QUOTED_INCLUDE_IN_FRAMEWORK_HEADER = YES;
				CLANG_WARN_RANGE_LOOP_ANALYSIS = YES;
				CLANG_WARN_STRICT_PROTOTYPES = YES;
				CLANG_WARN_SUSPICIOUS_MOVE = YES;
				CLANG_WARN_UNGUARDED_AVAILABILITY = YES_AGGRESSIVE;
				CLANG_WARN_UNREACHABLE_CODE = YES;
				CLANG_WARN__DUPLICATE_METHOD_MATCH = YES;
				COPY_PHASE_STRIP = NO;
				DEBUG_INFORMATION_FORMAT = dwarf;
				ENABLE_STRICT_OBJC_MSGSEND = YES;
				ENABLE_TESTABILITY = YES;
				GCC_C_LANGUAGE_STANDARD = gnu11;
				GCC_DYNAMIC_NO_PIC = NO;
				GCC_NO_COMMON_BLOCKS = YES;
				GCC_OPTIMIZATION_LEVEL = 0;
				GCC_PREPROCESSOR_DEFINITIONS = (
					"DEBUG=1",
					"$(inherited)",
				);
				GCC_WARN_64_TO_32_BIT_CONVERSION = YES;
				GCC_WARN_ABOUT_RETURN_TYPE = YES_ERROR;
				GCC_WARN_UNDECLARED_SELECTOR = YES;
				GCC_WARN_UNINITIALIZED_AUTOS = YES_AGGRESSIVE;
				GCC_WARN_UNUSED_FUNCTION = YES;
				GCC_WARN_UNUSED_VARIABLE = YES;
				IPHONEOS_DEPLOYMENT_TARGET = 14.0;
				MTL_ENABLE_DEBUG_INFO = INCLUDE_SOURCE;
				MTL_FAST_MATH = YES;
				ONLY_ACTIVE_ARCH = YES;
				SDKROOT = iphoneos;
				SWIFT_ACTIVE_COMPILATION_CONDITIONS = DEBUG;
				SWIFT_OBJC_BRIDGING_HEADER = "ARLaboratory/ARLaboratory-Bridging-Header.h";
				SWIFT_OPTIMIZATION_LEVEL = "-Onone";
			};
			name = Debug;
		};
		633707C224DB14C2008256FC /* Release */ = {
			isa = XCBuildConfiguration;
			buildSettings = {
				ALWAYS_SEARCH_USER_PATHS = NO;
				CLANG_ANALYZER_NONNULL = YES;
				CLANG_ANALYZER_NUMBER_OBJECT_CONVERSION = YES_AGGRESSIVE;
				CLANG_CXX_LANGUAGE_STANDARD = "gnu++14";
				CLANG_CXX_LIBRARY = "libc++";
				CLANG_ENABLE_MODULES = YES;
				CLANG_ENABLE_OBJC_ARC = YES;
				CLANG_ENABLE_OBJC_WEAK = YES;
				CLANG_WARN_BLOCK_CAPTURE_AUTORELEASING = YES;
				CLANG_WARN_BOOL_CONVERSION = YES;
				CLANG_WARN_COMMA = YES;
				CLANG_WARN_CONSTANT_CONVERSION = YES;
				CLANG_WARN_DEPRECATED_OBJC_IMPLEMENTATIONS = YES;
				CLANG_WARN_DIRECT_OBJC_ISA_USAGE = YES_ERROR;
				CLANG_WARN_DOCUMENTATION_COMMENTS = YES;
				CLANG_WARN_EMPTY_BODY = YES;
				CLANG_WARN_ENUM_CONVERSION = YES;
				CLANG_WARN_INFINITE_RECURSION = YES;
				CLANG_WARN_INT_CONVERSION = YES;
				CLANG_WARN_NON_LITERAL_NULL_CONVERSION = YES;
				CLANG_WARN_OBJC_IMPLICIT_RETAIN_SELF = YES;
				CLANG_WARN_OBJC_LITERAL_CONVERSION = YES;
				CLANG_WARN_OBJC_ROOT_CLASS = YES_ERROR;
				CLANG_WARN_QUOTED_INCLUDE_IN_FRAMEWORK_HEADER = YES;
				CLANG_WARN_RANGE_LOOP_ANALYSIS = YES;
				CLANG_WARN_STRICT_PROTOTYPES = YES;
				CLANG_WARN_SUSPICIOUS_MOVE = YES;
				CLANG_WARN_UNGUARDED_AVAILABILITY = YES_AGGRESSIVE;
				CLANG_WARN_UNREACHABLE_CODE = YES;
				CLANG_WARN__DUPLICATE_METHOD_MATCH = YES;
				COPY_PHASE_STRIP = NO;
				DEBUG_INFORMATION_FORMAT = "dwarf-with-dsym";
				ENABLE_NS_ASSERTIONS = NO;
				ENABLE_STRICT_OBJC_MSGSEND = YES;
				GCC_C_LANGUAGE_STANDARD = gnu11;
				GCC_NO_COMMON_BLOCKS = YES;
				GCC_WARN_64_TO_32_BIT_CONVERSION = YES;
				GCC_WARN_ABOUT_RETURN_TYPE = YES_ERROR;
				GCC_WARN_UNDECLARED_SELECTOR = YES;
				GCC_WARN_UNINITIALIZED_AUTOS = YES_AGGRESSIVE;
				GCC_WARN_UNUSED_FUNCTION = YES;
				GCC_WARN_UNUSED_VARIABLE = YES;
				IPHONEOS_DEPLOYMENT_TARGET = 14.0;
				MTL_ENABLE_DEBUG_INFO = NO;
				MTL_FAST_MATH = YES;
				SDKROOT = iphoneos;
				SWIFT_COMPILATION_MODE = wholemodule;
				SWIFT_OBJC_BRIDGING_HEADER = "ARLaboratory/ARLaboratory-Bridging-Header.h";
				SWIFT_OPTIMIZATION_LEVEL = "-O";
				VALIDATE_PRODUCT = YES;
			};
			name = Release;
		};
		633707C424DB14C2008256FC /* Debug */ = {
			isa = XCBuildConfiguration;
			baseConfigurationReference = 21527092A38F7F8C12FFD701 /* Pods-ARLaboratory.debug.xcconfig */;
			buildSettings = {
				ASSETCATALOG_COMPILER_APPICON_NAME = AppIcon;
				ASSETCATALOG_COMPILER_GLOBAL_ACCENT_COLOR_NAME = AccentColor;
				CODE_SIGN_STYLE = Automatic;
				DEVELOPMENT_ASSET_PATHS = "\"ARLaboratory/Preview Content\"";
				DEVELOPMENT_TEAM = Q66549VN3W;
				ENABLE_PREVIEWS = YES;
				INFOPLIST_FILE = "ARLaboratory/Supporting Files/info.plist";
				IPHONEOS_DEPLOYMENT_TARGET = 14.0;
				LD_RUNPATH_SEARCH_PATHS = (
					"$(inherited)",
					"@executable_path/Frameworks",
				);
				PRODUCT_BUNDLE_IDENTIFIER = me.xavier.ARLaboratory;
				PRODUCT_NAME = "$(TARGET_NAME)";
				SWIFT_VERSION = 5.0;
				TARGETED_DEVICE_FAMILY = "1,2";
			};
			name = Debug;
		};
		633707C524DB14C2008256FC /* Release */ = {
			isa = XCBuildConfiguration;
			baseConfigurationReference = 8C3A2B5F14F50FFB34C0FA77 /* Pods-ARLaboratory.release.xcconfig */;
			buildSettings = {
				ASSETCATALOG_COMPILER_APPICON_NAME = AppIcon;
				ASSETCATALOG_COMPILER_GLOBAL_ACCENT_COLOR_NAME = AccentColor;
				CODE_SIGN_STYLE = Automatic;
				DEVELOPMENT_ASSET_PATHS = "\"ARLaboratory/Preview Content\"";
				DEVELOPMENT_TEAM = Q66549VN3W;
				ENABLE_PREVIEWS = YES;
				INFOPLIST_FILE = "ARLaboratory/Supporting Files/info.plist";
				IPHONEOS_DEPLOYMENT_TARGET = 14.0;
				LD_RUNPATH_SEARCH_PATHS = (
					"$(inherited)",
					"@executable_path/Frameworks",
				);
				PRODUCT_BUNDLE_IDENTIFIER = me.xavier.ARLaboratory;
				PRODUCT_NAME = "$(TARGET_NAME)";
				SWIFT_VERSION = 5.0;
				TARGETED_DEVICE_FAMILY = "1,2";
			};
			name = Release;
		};
/* End XCBuildConfiguration section */

/* Begin XCConfigurationList section */
		633707AF24DB14C1008256FC /* Build configuration list for PBXProject "ARLaboratory" */ = {
			isa = XCConfigurationList;
			buildConfigurations = (
				633707C124DB14C2008256FC /* Debug */,
				633707C224DB14C2008256FC /* Release */,
			);
			defaultConfigurationIsVisible = 0;
			defaultConfigurationName = Release;
		};
		633707C324DB14C2008256FC /* Build configuration list for PBXNativeTarget "ARLaboratory" */ = {
			isa = XCConfigurationList;
			buildConfigurations = (
				633707C424DB14C2008256FC /* Debug */,
				633707C524DB14C2008256FC /* Release */,
			);
			defaultConfigurationIsVisible = 0;
			defaultConfigurationName = Release;
		};
/* End XCConfigurationList section */
	};
	rootObject = 633707AC24DB14C1008256FC /* Project object */;
}
