// !$*UTF8*$!
{
	archiveVersion = 1;
	classes = {
	};
	objectVersion = 51;
	objects = {

/* Begin PBXBuildFile section */
		63061C6D24E119F1001DEB43 /* SubjectView.swift in Sources */ = {isa = PBXBuildFile; fileRef = 63061C6C24E119F1001DEB43 /* SubjectView.swift */; };
		63061C6F24E120C9001DEB43 /* SubjectHeadView.swift in Sources */ = {isa = PBXBuildFile; fileRef = 63061C6E24E120C9001DEB43 /* SubjectHeadView.swift */; };
		63061C7224E1507B001DEB43 /* Subject.swift in Sources */ = {isa = PBXBuildFile; fileRef = 63061C7124E1507B001DEB43 /* Subject.swift */; };
		63061C7424E15095001DEB43 /* Lab.swift in Sources */ = {isa = PBXBuildFile; fileRef = 63061C7324E15095001DEB43 /* Lab.swift */; };
		63061C7824E277A1001DEB43 /* Constants+Device.swift in Sources */ = {isa = PBXBuildFile; fileRef = 63061C7724E277A1001DEB43 /* Constants+Device.swift */; };
		63061C7E24E2B0D6001DEB43 /* UINavigationController+Swipe.swift in Sources */ = {isa = PBXBuildFile; fileRef = 63061C7D24E2B0D6001DEB43 /* UINavigationController+Swipe.swift */; };
		63061C8024E2B25C001DEB43 /* CustomNavigationLinkModifier.swift in Sources */ = {isa = PBXBuildFile; fileRef = 63061C7F24E2B25C001DEB43 /* CustomNavigationLinkModifier.swift */; };
		63061C8424E2BF7F001DEB43 /* NavigationConfigurator.swift in Sources */ = {isa = PBXBuildFile; fileRef = 63061C8324E2BF7F001DEB43 /* NavigationConfigurator.swift */; };
		63061C8524E2D03B001DEB43 /* ResponsiveButtonStyle.swift in Sources */ = {isa = PBXBuildFile; fileRef = 6370B86124DFDBF700DC43E5 /* ResponsiveButtonStyle.swift */; };
		63061C8724E40F0F001DEB43 /* LabIntroView.swift in Sources */ = {isa = PBXBuildFile; fileRef = 63061C8624E40F0F001DEB43 /* LabIntroView.swift */; };
		633707B824DB14C1008256FC /* ARLaboratoryApp.swift in Sources */ = {isa = PBXBuildFile; fileRef = 633707B724DB14C1008256FC /* ARLaboratoryApp.swift */; };
		633707BA24DB14C1008256FC /* ContentView.swift in Sources */ = {isa = PBXBuildFile; fileRef = 633707B924DB14C1008256FC /* ContentView.swift */; };
		633707BC24DB14C2008256FC /* Assets.xcassets in Resources */ = {isa = PBXBuildFile; fileRef = 633707BB24DB14C2008256FC /* Assets.xcassets */; };
		633707BF24DB14C2008256FC /* Preview Assets.xcassets in Resources */ = {isa = PBXBuildFile; fileRef = 633707BE24DB14C2008256FC /* Preview Assets.xcassets */; };
		6370B85824DE8F5E00DC43E5 /* RecommandColumn.swift in Sources */ = {isa = PBXBuildFile; fileRef = 6370B85724DE8F5E00DC43E5 /* RecommandColumn.swift */; };
		6370B85A24DEE01100DC43E5 /* SubjectColumn.swift in Sources */ = {isa = PBXBuildFile; fileRef = 6370B85924DEE01100DC43E5 /* SubjectColumn.swift */; };
		6370B85C24DF926F00DC43E5 /* FavoriteColumn.swift in Sources */ = {isa = PBXBuildFile; fileRef = 6370B85B24DF926F00DC43E5 /* FavoriteColumn.swift */; };
		639E6E9824DDB23000073784 /* Constants+Screen.swift in Sources */ = {isa = PBXBuildFile; fileRef = 639E6E9724DDB23000073784 /* Constants+Screen.swift */; };
		639E6E9B24DE423300073784 /* LatexTextView.swift in Sources */ = {isa = PBXBuildFile; fileRef = 639E6E9A24DE423300073784 /* LatexTextView.swift */; };
		639E6EA024DE55EF00073784 /* Colors.xcassets in Resources */ = {isa = PBXBuildFile; fileRef = 639E6E9F24DE55EF00073784 /* Colors.xcassets */; };
		639E6EA124DE57C300073784 /* Constants+Color.swift in Sources */ = {isa = PBXBuildFile; fileRef = 639E6E9D24DE43A700073784 /* Constants+Color.swift */; };
		639E6EA324DE60E300073784 /* ColumnHeadView.swift in Sources */ = {isa = PBXBuildFile; fileRef = 639E6EA224DE60E300073784 /* ColumnHeadView.swift */; };
		FA7E9522460ABC3BAF4A9B39 /* Pods_ARLaboratory.framework in Frameworks */ = {isa = PBXBuildFile; fileRef = CC1F1A11778A165D6C64BF1B /* Pods_ARLaboratory.framework */; };
/* End PBXBuildFile section */

/* Begin PBXFileReference section */
		21527092A38F7F8C12FFD701 /* Pods-ARLaboratory.debug.xcconfig */ = {isa = PBXFileReference; includeInIndex = 1; lastKnownFileType = text.xcconfig; name = "Pods-ARLaboratory.debug.xcconfig"; path = "Target Support Files/Pods-ARLaboratory/Pods-ARLaboratory.debug.xcconfig"; sourceTree = "<group>"; };
		63061C6C24E119F1001DEB43 /* SubjectView.swift */ = {isa = PBXFileReference; lastKnownFileType = sourcecode.swift; path = SubjectView.swift; sourceTree = "<group>"; };
		63061C6E24E120C9001DEB43 /* SubjectHeadView.swift */ = {isa = PBXFileReference; lastKnownFileType = sourcecode.swift; path = SubjectHeadView.swift; sourceTree = "<group>"; };
		63061C7124E1507B001DEB43 /* Subject.swift */ = {isa = PBXFileReference; lastKnownFileType = sourcecode.swift; path = Subject.swift; sourceTree = "<group>"; };
		63061C7324E15095001DEB43 /* Lab.swift */ = {isa = PBXFileReference; lastKnownFileType = sourcecode.swift; path = Lab.swift; sourceTree = "<group>"; };
		63061C7724E277A1001DEB43 /* Constants+Device.swift */ = {isa = PBXFileReference; lastKnownFileType = sourcecode.swift; path = "Constants+Device.swift"; sourceTree = "<group>"; };
		63061C7D24E2B0D6001DEB43 /* UINavigationController+Swipe.swift */ = {isa = PBXFileReference; lastKnownFileType = sourcecode.swift; path = "UINavigationController+Swipe.swift"; sourceTree = "<group>"; };
		63061C7F24E2B25C001DEB43 /* CustomNavigationLinkModifier.swift */ = {isa = PBXFileReference; lastKnownFileType = sourcecode.swift; path = CustomNavigationLinkModifier.swift; sourceTree = "<group>"; };
		63061C8324E2BF7F001DEB43 /* NavigationConfigurator.swift */ = {isa = PBXFileReference; lastKnownFileType = sourcecode.swift; path = NavigationConfigurator.swift; sourceTree = "<group>"; };
		63061C8624E40F0F001DEB43 /* LabIntroView.swift */ = {isa = PBXFileReference; lastKnownFileType = sourcecode.swift; path = LabIntroView.swift; sourceTree = "<group>"; };
		633707B424DB14C1008256FC /* ARLaboratory.app */ = {isa = PBXFileReference; explicitFileType = wrapper.application; includeInIndex = 0; path = ARLaboratory.app; sourceTree = BUILT_PRODUCTS_DIR; };
		633707B724DB14C1008256FC /* ARLaboratoryApp.swift */ = {isa = PBXFileReference; lastKnownFileType = sourcecode.swift; path = ARLaboratoryApp.swift; sourceTree = "<group>"; };
		633707B924DB14C1008256FC /* ContentView.swift */ = {isa = PBXFileReference; lastKnownFileType = sourcecode.swift; path = ContentView.swift; sourceTree = "<group>"; };
		633707BB24DB14C2008256FC /* Assets.xcassets */ = {isa = PBXFileReference; lastKnownFileType = folder.assetcatalog; path = Assets.xcassets; sourceTree = "<group>"; };
		633707BE24DB14C2008256FC /* Preview Assets.xcassets */ = {isa = PBXFileReference; lastKnownFileType = folder.assetcatalog; path = "Preview Assets.xcassets"; sourceTree = "<group>"; };
		633707C024DB14C2008256FC /* Info.plist */ = {isa = PBXFileReference; lastKnownFileType = text.plist.xml; path = Info.plist; sourceTree = "<group>"; };
		6370B85724DE8F5E00DC43E5 /* RecommandColumn.swift */ = {isa = PBXFileReference; lastKnownFileType = sourcecode.swift; path = RecommandColumn.swift; sourceTree = "<group>"; };
		6370B85924DEE01100DC43E5 /* SubjectColumn.swift */ = {isa = PBXFileReference; lastKnownFileType = sourcecode.swift; path = SubjectColumn.swift; sourceTree = "<group>"; };
		6370B85B24DF926F00DC43E5 /* FavoriteColumn.swift */ = {isa = PBXFileReference; lastKnownFileType = sourcecode.swift; path = FavoriteColumn.swift; sourceTree = "<group>"; };
		6370B86124DFDBF700DC43E5 /* ResponsiveButtonStyle.swift */ = {isa = PBXFileReference; lastKnownFileType = sourcecode.swift; path = ResponsiveButtonStyle.swift; sourceTree = "<group>"; };
		639E6E9724DDB23000073784 /* Constants+Screen.swift */ = {isa = PBXFileReference; lastKnownFileType = sourcecode.swift; path = "Constants+Screen.swift"; sourceTree = "<group>"; };
		639E6E9A24DE423300073784 /* LatexTextView.swift */ = {isa = PBXFileReference; lastKnownFileType = sourcecode.swift; path = LatexTextView.swift; sourceTree = "<group>"; };
		639E6E9D24DE43A700073784 /* Constants+Color.swift */ = {isa = PBXFileReference; lastKnownFileType = sourcecode.swift; path = "Constants+Color.swift"; sourceTree = "<group>"; };
		639E6E9F24DE55EF00073784 /* Colors.xcassets */ = {isa = PBXFileReference; lastKnownFileType = folder.assetcatalog; path = Colors.xcassets; sourceTree = "<group>"; };
		639E6EA224DE60E300073784 /* ColumnHeadView.swift */ = {isa = PBXFileReference; lastKnownFileType = sourcecode.swift; path = ColumnHeadView.swift; sourceTree = "<group>"; };
		8C3A2B5F14F50FFB34C0FA77 /* Pods-ARLaboratory.release.xcconfig */ = {isa = PBXFileReference; includeInIndex = 1; lastKnownFileType = text.xcconfig; name = "Pods-ARLaboratory.release.xcconfig"; path = "Target Support Files/Pods-ARLaboratory/Pods-ARLaboratory.release.xcconfig"; sourceTree = "<group>"; };
		CC1F1A11778A165D6C64BF1B /* Pods_ARLaboratory.framework */ = {isa = PBXFileReference; explicitFileType = wrapper.framework; includeInIndex = 0; path = Pods_ARLaboratory.framework; sourceTree = BUILT_PRODUCTS_DIR; };
/* End PBXFileReference section */

/* Begin PBXFrameworksBuildPhase section */
		633707B124DB14C1008256FC /* Frameworks */ = {
			isa = PBXFrameworksBuildPhase;
			buildActionMask = 2147483647;
			files = (
				FA7E9522460ABC3BAF4A9B39 /* Pods_ARLaboratory.framework in Frameworks */,
			);
			runOnlyForDeploymentPostprocessing = 0;
		};
/* End PBXFrameworksBuildPhase section */

/* Begin PBXGroup section */
		2D660553A87F1292CDE8F147 /* Pods */ = {
			isa = PBXGroup;
			children = (
				21527092A38F7F8C12FFD701 /* Pods-ARLaboratory.debug.xcconfig */,
				8C3A2B5F14F50FFB34C0FA77 /* Pods-ARLaboratory.release.xcconfig */,
			);
			path = Pods;
			sourceTree = "<group>";
		};
		37613FC729C1F910A900825F /* Frameworks */ = {
			isa = PBXGroup;
			children = (
				CC1F1A11778A165D6C64BF1B /* Pods_ARLaboratory.framework */,
			);
			name = Frameworks;
			sourceTree = "<group>";
		};
		63061C6424DFE77A001DEB43 /* Modifier */ = {
			isa = PBXGroup;
			children = (
				6370B86124DFDBF700DC43E5 /* ResponsiveButtonStyle.swift */,
				63061C7F24E2B25C001DEB43 /* CustomNavigationLinkModifier.swift */,
			);
			path = Modifier;
			sourceTree = "<group>";
		};
		63061C6524DFE786001DEB43 /* Helper View */ = {
			isa = PBXGroup;
			children = (
				639E6E9A24DE423300073784 /* LatexTextView.swift */,
				63061C8324E2BF7F001DEB43 /* NavigationConfigurator.swift */,
			);
			path = "Helper View";
			sourceTree = "<group>";
		};
		63061C7024E1506A001DEB43 /* Model */ = {
			isa = PBXGroup;
			children = (
				63061C7124E1507B001DEB43 /* Subject.swift */,
				63061C7324E15095001DEB43 /* Lab.swift */,
			);
			path = Model;
			sourceTree = "<group>";
		};
		63061C7B24E2B0A9001DEB43 /* Extension */ = {
			isa = PBXGroup;
			children = (
				63061C7D24E2B0D6001DEB43 /* UINavigationController+Swipe.swift */,
			);
			path = Extension;
			sourceTree = "<group>";
		};
		633707AB24DB14C1008256FC = {
			isa = PBXGroup;
			children = (
				633707B624DB14C1008256FC /* ARLaboratory */,
				633707B524DB14C1008256FC /* Products */,
				2D660553A87F1292CDE8F147 /* Pods */,
				37613FC729C1F910A900825F /* Frameworks */,
			);
			sourceTree = "<group>";
		};
		633707B524DB14C1008256FC /* Products */ = {
			isa = PBXGroup;
			children = (
				633707B424DB14C1008256FC /* ARLaboratory.app */,
			);
			name = Products;
			sourceTree = "<group>";
		};
		633707B624DB14C1008256FC /* ARLaboratory */ = {
			isa = PBXGroup;
			children = (
				633707B924DB14C1008256FC /* ContentView.swift */,
				639E6E9924DE421A00073784 /* View */,
				639E6E9624DDB21F00073784 /* Helper */,
				63061C7B24E2B0A9001DEB43 /* Extension */,
				639E6E9C24DE438B00073784 /* Supporting Files */,
				633707BD24DB14C2008256FC /* Preview Content */,
			);
			path = ARLaboratory;
			sourceTree = "<group>";
		};
		633707BD24DB14C2008256FC /* Preview Content */ = {
			isa = PBXGroup;
			children = (
				633707BE24DB14C2008256FC /* Preview Assets.xcassets */,
			);
			path = "Preview Content";
			sourceTree = "<group>";
		};
		639E6E9624DDB21F00073784 /* Helper */ = {
			isa = PBXGroup;
			children = (
				639E6E9D24DE43A700073784 /* Constants+Color.swift */,
				639E6E9724DDB23000073784 /* Constants+Screen.swift */,
				63061C7724E277A1001DEB43 /* Constants+Device.swift */,
			);
			path = Helper;
			sourceTree = "<group>";
		};
		639E6E9924DE421A00073784 /* View */ = {
			isa = PBXGroup;
			children = (
				63061C7024E1506A001DEB43 /* Model */,
				63061C6524DFE786001DEB43 /* Helper View */,
				63061C6424DFE77A001DEB43 /* Modifier */,
				639E6EA224DE60E300073784 /* ColumnHeadView.swift */,
				6370B85724DE8F5E00DC43E5 /* RecommandColumn.swift */,
				6370B85924DEE01100DC43E5 /* SubjectColumn.swift */,
				6370B85B24DF926F00DC43E5 /* FavoriteColumn.swift */,
				63061C6C24E119F1001DEB43 /* SubjectView.swift */,
				63061C6E24E120C9001DEB43 /* SubjectHeadView.swift */,
				63061C8624E40F0F001DEB43 /* LabIntroView.swift */,
			);
			path = View;
			sourceTree = "<group>";
		};
		639E6E9C24DE438B00073784 /* Supporting Files */ = {
			isa = PBXGroup;
			children = (
				633707B724DB14C1008256FC /* ARLaboratoryApp.swift */,
				633707BB24DB14C2008256FC /* Assets.xcassets */,
				639E6E9F24DE55EF00073784 /* Colors.xcassets */,
				633707C024DB14C2008256FC /* Info.plist */,
			);
			path = "Supporting Files";
			sourceTree = "<group>";
		};
/* End PBXGroup section */

/* Begin PBXNativeTarget section */
		633707B324DB14C1008256FC /* ARLaboratory */ = {
			isa = PBXNativeTarget;
			buildConfigurationList = 633707C324DB14C2008256FC /* Build configuration list for PBXNativeTarget "ARLaboratory" */;
			buildPhases = (
				8420EB51DE2032FED23A1CAF /* [CP] Check Pods Manifest.lock */,
				633707B024DB14C1008256FC /* Sources */,
				633707B124DB14C1008256FC /* Frameworks */,
				633707B224DB14C1008256FC /* Resources */,
				0FBD4CECF6AC42E36E20A67B /* [CP] Embed Pods Frameworks */,
			);
			buildRules = (
			);
			dependencies = (
			);
			name = ARLaboratory;
			productName = ARLaboratory;
			productReference = 633707B424DB14C1008256FC /* ARLaboratory.app */;
			productType = "com.apple.product-type.application";
		};
/* End PBXNativeTarget section */

/* Begin PBXProject section */
		633707AC24DB14C1008256FC /* Project object */ = {
			isa = PBXProject;
			attributes = {
				LastSwiftUpdateCheck = 1200;
				LastUpgradeCheck = 1200;
				TargetAttributes = {
					633707B324DB14C1008256FC = {
						CreatedOnToolsVersion = 12.0;
					};
				};
			};
			buildConfigurationList = 633707AF24DB14C1008256FC /* Build configuration list for PBXProject "ARLaboratory" */;
			compatibilityVersion = "Xcode 9.3";
			developmentRegion = en;
			hasScannedForEncodings = 0;
			knownRegions = (
				en,
				Base,
			);
			mainGroup = 633707AB24DB14C1008256FC;
			productRefGroup = 633707B524DB14C1008256FC /* Products */;
			projectDirPath = "";
			projectRoot = "";
			targets = (
				633707B324DB14C1008256FC /* ARLaboratory */,
			);
		};
/* End PBXProject section */

/* Begin PBXResourcesBuildPhase section */
		633707B224DB14C1008256FC /* Resources */ = {
			isa = PBXResourcesBuildPhase;
			buildActionMask = 2147483647;
			files = (
				639E6EA024DE55EF00073784 /* Colors.xcassets in Resources */,
				633707BF24DB14C2008256FC /* Preview Assets.xcassets in Resources */,
				633707BC24DB14C2008256FC /* Assets.xcassets in Resources */,
			);
			runOnlyForDeploymentPostprocessing = 0;
		};
/* End PBXResourcesBuildPhase section */

/* Begin PBXShellScriptBuildPhase section */
		0FBD4CECF6AC42E36E20A67B /* [CP] Embed Pods Frameworks */ = {
			isa = PBXShellScriptBuildPhase;
			buildActionMask = 2147483647;
			files = (
			);
			inputFileListPaths = (
				"${PODS_ROOT}/Target Support Files/Pods-ARLaboratory/Pods-ARLaboratory-frameworks-${CONFIGURATION}-input-files.xcfilelist",
			);
			name = "[CP] Embed Pods Frameworks";
			outputFileListPaths = (
				"${PODS_ROOT}/Target Support Files/Pods-ARLaboratory/Pods-ARLaboratory-frameworks-${CONFIGURATION}-output-files.xcfilelist",
			);
			runOnlyForDeploymentPostprocessing = 0;
			shellPath = /bin/sh;
			shellScript = "\"${PODS_ROOT}/Target Support Files/Pods-ARLaboratory/Pods-ARLaboratory-frameworks.sh\"\n";
			showEnvVarsInLog = 0;
		};
		8420EB51DE2032FED23A1CAF /* [CP] Check Pods Manifest.lock */ = {
			isa = PBXShellScriptBuildPhase;
			buildActionMask = 2147483647;
			files = (
			);
			inputFileListPaths = (
			);
			inputPaths = (
				"${PODS_PODFILE_DIR_PATH}/Podfile.lock",
				"${PODS_ROOT}/Manifest.lock",
			);
			name = "[CP] Check Pods Manifest.lock";
			outputFileListPaths = (
			);
			outputPaths = (
				"$(DERIVED_FILE_DIR)/Pods-ARLaboratory-checkManifestLockResult.txt",
			);
			runOnlyForDeploymentPostprocessing = 0;
			shellPath = /bin/sh;
			shellScript = "diff \"${PODS_PODFILE_DIR_PATH}/Podfile.lock\" \"${PODS_ROOT}/Manifest.lock\" > /dev/null\nif [ $? != 0 ] ; then\n    # print error to STDERR\n    echo \"error: The sandbox is not in sync with the Podfile.lock. Run 'pod install' or update your CocoaPods installation.\" >&2\n    exit 1\nfi\n# This output is used by Xcode 'outputs' to avoid re-running this script phase.\necho \"SUCCESS\" > \"${SCRIPT_OUTPUT_FILE_0}\"\n";
			showEnvVarsInLog = 0;
		};
/* End PBXShellScriptBuildPhase section */

/* Begin PBXSourcesBuildPhase section */
		633707B024DB14C1008256FC /* Sources */ = {
			isa = PBXSourcesBuildPhase;
			buildActionMask = 2147483647;
			files = (
				639E6E9B24DE423300073784 /* LatexTextView.swift in Sources */,
				633707BA24DB14C1008256FC /* ContentView.swift in Sources */,
				63061C8724E40F0F001DEB43 /* LabIntroView.swift in Sources */,
				639E6EA324DE60E300073784 /* ColumnHeadView.swift in Sources */,
				6370B85824DE8F5E00DC43E5 /* RecommandColumn.swift in Sources */,
				6370B85A24DEE01100DC43E5 /* SubjectColumn.swift in Sources */,
				63061C8024E2B25C001DEB43 /* CustomNavigationLinkModifier.swift in Sources */,
				6370B85C24DF926F00DC43E5 /* FavoriteColumn.swift in Sources */,
				63061C7224E1507B001DEB43 /* Subject.swift in Sources */,
				63061C6D24E119F1001DEB43 /* SubjectView.swift in Sources */,
				63061C8524E2D03B001DEB43 /* ResponsiveButtonStyle.swift in Sources */,
				63061C7424E15095001DEB43 /* Lab.swift in Sources */,
				639E6EA124DE57C300073784 /* Constants+Color.swift in Sources */,
				63061C7E24E2B0D6001DEB43 /* UINavigationController+Swipe.swift in Sources */,
				63061C7824E277A1001DEB43 /* Constants+Device.swift in Sources */,
				633707B824DB14C1008256FC /* ARLaboratoryApp.swift in Sources */,
				63061C6F24E120C9001DEB43 /* SubjectHeadView.swift in Sources */,
				63061C8424E2BF7F001DEB43 /* NavigationConfigurator.swift in Sources */,
				639E6E9824DDB23000073784 /* Constants+Screen.swift in Sources */,
			);
			runOnlyForDeploymentPostprocessing = 0;
		};
/* End PBXSourcesBuildPhase section */

/* Begin XCBuildConfiguration section */
		633707C124DB14C2008256FC /* Debug */ = {
			isa = XCBuildConfiguration;
			buildSettings = {
				ALWAYS_SEARCH_USER_PATHS = NO;
				CLANG_ANALYZER_NONNULL = YES;
				CLANG_ANALYZER_NUMBER_OBJECT_CONVERSION = YES_AGGRESSIVE;
				CLANG_CXX_LANGUAGE_STANDARD = "gnu++14";
				CLANG_CXX_LIBRARY = "libc++";
				CLANG_ENABLE_MODULES = YES;
				CLANG_ENABLE_OBJC_ARC = YES;
				CLANG_ENABLE_OBJC_WEAK = YES;
				CLANG_WARN_BLOCK_CAPTURE_AUTORELEASING = YES;
				CLANG_WARN_BOOL_CONVERSION = YES;
				CLANG_WARN_COMMA = YES;
				CLANG_WARN_CONSTANT_CONVERSION = YES;
				CLANG_WARN_DEPRECATED_OBJC_IMPLEMENTATIONS = YES;
				CLANG_WARN_DIRECT_OBJC_ISA_USAGE = YES_ERROR;
				CLANG_WARN_DOCUMENTATION_COMMENTS = YES;
				CLANG_WARN_EMPTY_BODY = YES;
				CLANG_WARN_ENUM_CONVERSION = YES;
				CLANG_WARN_INFINITE_RECURSION = YES;
				CLANG_WARN_INT_CONVERSION = YES;
				CLANG_WARN_NON_LITERAL_NULL_CONVERSION = YES;
				CLANG_WARN_OBJC_IMPLICIT_RETAIN_SELF = YES;
				CLANG_WARN_OBJC_LITERAL_CONVERSION = YES;
				CLANG_WARN_OBJC_ROOT_CLASS = YES_ERROR;
				CLANG_WARN_QUOTED_INCLUDE_IN_FRAMEWORK_HEADER = YES;
				CLANG_WARN_RANGE_LOOP_ANALYSIS = YES;
				CLANG_WARN_STRICT_PROTOTYPES = YES;
				CLANG_WARN_SUSPICIOUS_MOVE = YES;
				CLANG_WARN_UNGUARDED_AVAILABILITY = YES_AGGRESSIVE;
				CLANG_WARN_UNREACHABLE_CODE = YES;
				CLANG_WARN__DUPLICATE_METHOD_MATCH = YES;
				COPY_PHASE_STRIP = NO;
				DEBUG_INFORMATION_FORMAT = dwarf;
				ENABLE_STRICT_OBJC_MSGSEND = YES;
				ENABLE_TESTABILITY = YES;
				GCC_C_LANGUAGE_STANDARD = gnu11;
				GCC_DYNAMIC_NO_PIC = NO;
				GCC_NO_COMMON_BLOCKS = YES;
				GCC_OPTIMIZATION_LEVEL = 0;
				GCC_PREPROCESSOR_DEFINITIONS = (
					"DEBUG=1",
					"$(inherited)",
				);
				GCC_WARN_64_TO_32_BIT_CONVERSION = YES;
				GCC_WARN_ABOUT_RETURN_TYPE = YES_ERROR;
				GCC_WARN_UNDECLARED_SELECTOR = YES;
				GCC_WARN_UNINITIALIZED_AUTOS = YES_AGGRESSIVE;
				GCC_WARN_UNUSED_FUNCTION = YES;
				GCC_WARN_UNUSED_VARIABLE = YES;
				IPHONEOS_DEPLOYMENT_TARGET = 14.0;
				MTL_ENABLE_DEBUG_INFO = INCLUDE_SOURCE;
				MTL_FAST_MATH = YES;
				ONLY_ACTIVE_ARCH = YES;
				SDKROOT = iphoneos;
				SWIFT_ACTIVE_COMPILATION_CONDITIONS = DEBUG;
				SWIFT_OPTIMIZATION_LEVEL = "-Onone";
			};
			name = Debug;
		};
		633707C224DB14C2008256FC /* Release */ = {
			isa = XCBuildConfiguration;
			buildSettings = {
				ALWAYS_SEARCH_USER_PATHS = NO;
				CLANG_ANALYZER_NONNULL = YES;
				CLANG_ANALYZER_NUMBER_OBJECT_CONVERSION = YES_AGGRESSIVE;
				CLANG_CXX_LANGUAGE_STANDARD = "gnu++14";
				CLANG_CXX_LIBRARY = "libc++";
				CLANG_ENABLE_MODULES = YES;
				CLANG_ENABLE_OBJC_ARC = YES;
				CLANG_ENABLE_OBJC_WEAK = YES;
				CLANG_WARN_BLOCK_CAPTURE_AUTORELEASING = YES;
				CLANG_WARN_BOOL_CONVERSION = YES;
				CLANG_WARN_COMMA = YES;
				CLANG_WARN_CONSTANT_CONVERSION = YES;
				CLANG_WARN_DEPRECATED_OBJC_IMPLEMENTATIONS = YES;
				CLANG_WARN_DIRECT_OBJC_ISA_USAGE = YES_ERROR;
				CLANG_WARN_DOCUMENTATION_COMMENTS = YES;
				CLANG_WARN_EMPTY_BODY = YES;
				CLANG_WARN_ENUM_CONVERSION = YES;
				CLANG_WARN_INFINITE_RECURSION = YES;
				CLANG_WARN_INT_CONVERSION = YES;
				CLANG_WARN_NON_LITERAL_NULL_CONVERSION = YES;
				CLANG_WARN_OBJC_IMPLICIT_RETAIN_SELF = YES;
				CLANG_WARN_OBJC_LITERAL_CONVERSION = YES;
				CLANG_WARN_OBJC_ROOT_CLASS = YES_ERROR;
				CLANG_WARN_QUOTED_INCLUDE_IN_FRAMEWORK_HEADER = YES;
				CLANG_WARN_RANGE_LOOP_ANALYSIS = YES;
				CLANG_WARN_STRICT_PROTOTYPES = YES;
				CLANG_WARN_SUSPICIOUS_MOVE = YES;
				CLANG_WARN_UNGUARDED_AVAILABILITY = YES_AGGRESSIVE;
				CLANG_WARN_UNREACHABLE_CODE = YES;
				CLANG_WARN__DUPLICATE_METHOD_MATCH = YES;
				COPY_PHASE_STRIP = NO;
				DEBUG_INFORMATION_FORMAT = "dwarf-with-dsym";
				ENABLE_NS_ASSERTIONS = NO;
				ENABLE_STRICT_OBJC_MSGSEND = YES;
				GCC_C_LANGUAGE_STANDARD = gnu11;
				GCC_NO_COMMON_BLOCKS = YES;
				GCC_WARN_64_TO_32_BIT_CONVERSION = YES;
				GCC_WARN_ABOUT_RETURN_TYPE = YES_ERROR;
				GCC_WARN_UNDECLARED_SELECTOR = YES;
				GCC_WARN_UNINITIALIZED_AUTOS = YES_AGGRESSIVE;
				GCC_WARN_UNUSED_FUNCTION = YES;
				GCC_WARN_UNUSED_VARIABLE = YES;
				IPHONEOS_DEPLOYMENT_TARGET = 14.0;
				MTL_ENABLE_DEBUG_INFO = NO;
				MTL_FAST_MATH = YES;
				SDKROOT = iphoneos;
				SWIFT_COMPILATION_MODE = wholemodule;
				SWIFT_OPTIMIZATION_LEVEL = "-O";
				VALIDATE_PRODUCT = YES;
			};
			name = Release;
		};
		633707C424DB14C2008256FC /* Debug */ = {
			isa = XCBuildConfiguration;
			baseConfigurationReference = 21527092A38F7F8C12FFD701 /* Pods-ARLaboratory.debug.xcconfig */;
			buildSettings = {
				ASSETCATALOG_COMPILER_APPICON_NAME = AppIcon;
				ASSETCATALOG_COMPILER_GLOBAL_ACCENT_COLOR_NAME = AccentColor;
				CODE_SIGN_STYLE = Automatic;
				DEVELOPMENT_ASSET_PATHS = "\"ARLaboratory/Preview Content\"";
				DEVELOPMENT_TEAM = XKUVHTJ3W8;
				ENABLE_PREVIEWS = YES;
				INFOPLIST_FILE = "ARLaboratory/Supporting Files/info.plist";
				IPHONEOS_DEPLOYMENT_TARGET = 14.0;
				LD_RUNPATH_SEARCH_PATHS = (
					"$(inherited)",
					"@executable_path/Frameworks",
				);
				PRODUCT_BUNDLE_IDENTIFIER = me.jjayhen.ARLaboratory;
				PRODUCT_NAME = "$(TARGET_NAME)";
				SWIFT_VERSION = 5.0;
				TARGETED_DEVICE_FAMILY = "1,2";
			};
			name = Debug;
		};
		633707C524DB14C2008256FC /* Release */ = {
			isa = XCBuildConfiguration;
			baseConfigurationReference = 8C3A2B5F14F50FFB34C0FA77 /* Pods-ARLaboratory.release.xcconfig */;
			buildSettings = {
				ASSETCATALOG_COMPILER_APPICON_NAME = AppIcon;
				ASSETCATALOG_COMPILER_GLOBAL_ACCENT_COLOR_NAME = AccentColor;
				CODE_SIGN_STYLE = Automatic;
				DEVELOPMENT_ASSET_PATHS = "\"ARLaboratory/Preview Content\"";
				DEVELOPMENT_TEAM = XKUVHTJ3W8;
				ENABLE_PREVIEWS = YES;
				INFOPLIST_FILE = "ARLaboratory/Supporting Files/info.plist";
				IPHONEOS_DEPLOYMENT_TARGET = 14.0;
				LD_RUNPATH_SEARCH_PATHS = (
					"$(inherited)",
					"@executable_path/Frameworks",
				);
				PRODUCT_BUNDLE_IDENTIFIER = me.jjayhen.ARLaboratory;
				PRODUCT_NAME = "$(TARGET_NAME)";
				SWIFT_VERSION = 5.0;
				TARGETED_DEVICE_FAMILY = "1,2";
			};
			name = Release;
		};
/* End XCBuildConfiguration section */

/* Begin XCConfigurationList section */
		633707AF24DB14C1008256FC /* Build configuration list for PBXProject "ARLaboratory" */ = {
			isa = XCConfigurationList;
			buildConfigurations = (
				633707C124DB14C2008256FC /* Debug */,
				633707C224DB14C2008256FC /* Release */,
			);
			defaultConfigurationIsVisible = 0;
			defaultConfigurationName = Release;
		};
		633707C324DB14C2008256FC /* Build configuration list for PBXNativeTarget "ARLaboratory" */ = {
			isa = XCConfigurationList;
			buildConfigurations = (
				633707C424DB14C2008256FC /* Debug */,
				633707C524DB14C2008256FC /* Release */,
			);
			defaultConfigurationIsVisible = 0;
			defaultConfigurationName = Release;
		};
/* End XCConfigurationList section */
	};
	rootObject = 633707AC24DB14C1008256FC /* Project object */;
}
